
Microsoft Visual Studio Solution File, Format Version 12.00
# Visual Studio 15
VisualStudioVersion = 15.0.28010.2046
MinimumVisualStudioVersion = 10.0.40219.1
Project("{FAE04EC0-301F-11D3-BF4B-00C04F79EFBC}") = "NavBarBackImage.Android", "NavBarBackImage\NavBarBackImage.Android\NavBarBackImage.Android.csproj", "{152395A2-B644-4AF5-B94C-26D4D27F12AB}"
EndProject
Project("{FAE04EC0-301F-11D3-BF4B-00C04F79EFBC}") = "NavBarBackImage.iOS", "NavBarBackImage\NavBarBackImage.iOS\NavBarBackImage.iOS.csproj", "{5527012C-1491-40D0-A514-71D2B781755A}"
EndProject
Project("{FAE04EC0-301F-11D3-BF4B-00C04F79EFBC}") = "NavBarBackImage", "NavBarBackImage\NavBarBackImage\NavBarBackImage.csproj", "{051BCBA1-06C4-4AFB-A216-4765B6E6A842}"
EndProject
Global
	GlobalSection(SolutionConfigurationPlatforms) = preSolution
		Ad-Hoc|Any CPU = Ad-Hoc|Any CPU
		Ad-Hoc|iPhone = Ad-Hoc|iPhone
		Ad-Hoc|iPhoneSimulator = Ad-Hoc|iPhoneSimulator
		AppStore|Any CPU = AppStore|Any CPU
		AppStore|iPhone = AppStore|iPhone
		AppStore|iPhoneSimulator = AppStore|iPhoneSimulator
		Debug|Any CPU = Debug|Any CPU
		Debug|iPhone = Debug|iPhone
		Debug|iPhoneSimulator = Debug|iPhoneSimulator
		Release|Any CPU = Release|Any CPU
		Release|iPhone = Release|iPhone
		Release|iPhoneSimulator = Release|iPhoneSimulator
	EndGlobalSection
	GlobalSection(ProjectConfigurationPlatforms) = postSolution
		{152395A2-B644-4AF5-B94C-26D4D27F12AB}.Ad-Hoc|Any CPU.ActiveCfg = Release|Any CPU
		{152395A2-B644-4AF5-B94C-26D4D27F12AB}.Ad-Hoc|Any CPU.Build.0 = Release|Any CPU
		{152395A2-B644-4AF5-B94C-26D4D27F12AB}.Ad-Hoc|Any CPU.Deploy.0 = Release|Any CPU
		{152395A2-B644-4AF5-B94C-26D4D27F12AB}.Ad-Hoc|iPhone.ActiveCfg = Release|Any CPU
		{152395A2-B644-4AF5-B94C-26D4D27F12AB}.Ad-Hoc|iPhone.Build.0 = Release|Any CPU
		{152395A2-B644-4AF5-B94C-26D4D27F12AB}.Ad-Hoc|iPhone.Deploy.0 = Release|Any CPU
		{152395A2-B644-4AF5-B94C-26D4D27F12AB}.Ad-Hoc|iPhoneSimulator.ActiveCfg = Release|Any CPU
		{152395A2-B644-4AF5-B94C-26D4D27F12AB}.Ad-Hoc|iPhoneSimulator.Build.0 = Release|Any CPU
		{152395A2-B644-4AF5-B94C-26D4D27F12AB}.Ad-Hoc|iPhoneSimulator.Deploy.0 = Release|Any CPU
		{152395A2-B644-4AF5-B94C-26D4D27F12AB}.AppStore|Any CPU.ActiveCfg = Release|Any CPU
		{152395A2-B644-4AF5-B94C-26D4D27F12AB}.AppStore|Any CPU.Build.0 = Release|Any CPU
		{152395A2-B644-4AF5-B94C-26D4D27F12AB}.AppStore|Any CPU.Deploy.0 = Release|Any CPU
		{152395A2-B644-4AF5-B94C-26D4D27F12AB}.AppStore|iPhone.ActiveCfg = Release|Any CPU
		{152395A2-B644-4AF5-B94C-26D4D27F12AB}.AppStore|iPhone.Build.0 = Release|Any CPU
		{152395A2-B644-4AF5-B94C-26D4D27F12AB}.AppStore|iPhone.Deploy.0 = Release|Any CPU
		{152395A2-B644-4AF5-B94C-26D4D27F12AB}.AppStore|iPhoneSimulator.ActiveCfg = Release|Any CPU
		{152395A2-B644-4AF5-B94C-26D4D27F12AB}.AppStore|iPhoneSimulator.Build.0 = Release|Any CPU
		{152395A2-B644-4AF5-B94C-26D4D27F12AB}.AppStore|iPhoneSimulator.Deploy.0 = Release|Any CPU
		{152395A2-B644-4AF5-B94C-26D4D27F12AB}.Debug|Any CPU.ActiveCfg = Debug|Any CPU
		{152395A2-B644-4AF5-B94C-26D4D27F12AB}.Debug|Any CPU.Build.0 = Debug|Any CPU
		{152395A2-B644-4AF5-B94C-26D4D27F12AB}.Debug|Any CPU.Deploy.0 = Debug|Any CPU
		{152395A2-B644-4AF5-B94C-26D4D27F12AB}.Debug|iPhone.ActiveCfg = Debug|Any CPU
		{152395A2-B644-4AF5-B94C-26D4D27F12AB}.Debug|iPhone.Build.0 = Debug|Any CPU
		{152395A2-B644-4AF5-B94C-26D4D27F12AB}.Debug|iPhone.Deploy.0 = Debug|Any CPU
		{152395A2-B644-4AF5-B94C-26D4D27F12AB}.Debug|iPhoneSimulator.ActiveCfg = Debug|Any CPU
		{152395A2-B644-4AF5-B94C-26D4D27F12AB}.Debug|iPhoneSimulator.Build.0 = Debug|Any CPU
		{152395A2-B644-4AF5-B94C-26D4D27F12AB}.Debug|iPhoneSimulator.Deploy.0 = Debug|Any CPU
		{152395A2-B644-4AF5-B94C-26D4D27F12AB}.Release|Any CPU.ActiveCfg = Release|Any CPU
		{152395A2-B644-4AF5-B94C-26D4D27F12AB}.Release|Any CPU.Build.0 = Release|Any CPU
		{152395A2-B644-4AF5-B94C-26D4D27F12AB}.Release|Any CPU.Deploy.0 = Release|Any CPU
		{152395A2-B644-4AF5-B94C-26D4D27F12AB}.Release|iPhone.ActiveCfg = Release|Any CPU
		{152395A2-B644-4AF5-B94C-26D4D27F12AB}.Release|iPhone.Build.0 = Release|Any CPU
		{152395A2-B644-4AF5-B94C-26D4D27F12AB}.Release|iPhone.Deploy.0 = Release|Any CPU
		{152395A2-B644-4AF5-B94C-26D4D27F12AB}.Release|iPhoneSimulator.ActiveCfg = Release|Any CPU
		{152395A2-B644-4AF5-B94C-26D4D27F12AB}.Release|iPhoneSimulator.Build.0 = Release|Any CPU
		{152395A2-B644-4AF5-B94C-26D4D27F12AB}.Release|iPhoneSimulator.Deploy.0 = Release|Any CPU
		{5527012C-1491-40D0-A514-71D2B781755A}.Ad-Hoc|Any CPU.ActiveCfg = Ad-Hoc|iPhone
		{5527012C-1491-40D0-A514-71D2B781755A}.Ad-Hoc|Any CPU.Build.0 = Ad-Hoc|iPhone
		{5527012C-1491-40D0-A514-71D2B781755A}.Ad-Hoc|Any CPU.Deploy.0 = Ad-Hoc|iPhone
		{5527012C-1491-40D0-A514-71D2B781755A}.Ad-Hoc|iPhone.ActiveCfg = Ad-Hoc|iPhone
		{5527012C-1491-40D0-A514-71D2B781755A}.Ad-Hoc|iPhone.Build.0 = Ad-Hoc|iPhone
		{5527012C-1491-40D0-A514-71D2B781755A}.Ad-Hoc|iPhone.Deploy.0 = Ad-Hoc|iPhone
		{5527012C-1491-40D0-A514-71D2B781755A}.Ad-Hoc|iPhoneSimulator.ActiveCfg = Ad-Hoc|iPhoneSimulator
		{5527012C-1491-40D0-A514-71D2B781755A}.Ad-Hoc|iPhoneSimulator.Build.0 = Ad-Hoc|iPhoneSimulator
		{5527012C-1491-40D0-A514-71D2B781755A}.Ad-Hoc|iPhoneSimulator.Deploy.0 = Ad-Hoc|iPhoneSimulator
		{5527012C-1491-40D0-A514-71D2B781755A}.AppStore|Any CPU.ActiveCfg = AppStore|iPhone
		{5527012C-1491-40D0-A514-71D2B781755A}.AppStore|Any CPU.Build.0 = AppStore|iPhone
		{5527012C-1491-40D0-A514-71D2B781755A}.AppStore|Any CPU.Deploy.0 = AppStore|iPhone
		{5527012C-1491-40D0-A514-71D2B781755A}.AppStore|iPhone.ActiveCfg = AppStore|iPhone
		{5527012C-1491-40D0-A514-71D2B781755A}.AppStore|iPhone.Build.0 = AppStore|iPhone
		{5527012C-1491-40D0-A514-71D2B781755A}.AppStore|iPhone.Deploy.0 = AppStore|iPhone
		{5527012C-1491-40D0-A514-71D2B781755A}.AppStore|iPhoneSimulator.ActiveCfg = AppStore|iPhoneSimulator
		{5527012C-1491-40D0-A514-71D2B781755A}.AppStore|iPhoneSimulator.Build.0 = AppStore|iPhoneSimulator
		{5527012C-1491-40D0-A514-71D2B781755A}.AppStore|iPhoneSimulator.Deploy.0 = AppStore|iPhoneSimulator
		{5527012C-1491-40D0-A514-71D2B781755A}.Debug|Any CPU.ActiveCfg = Debug|iPhoneSimulator
		{5527012C-1491-40D0-A514-71D2B781755A}.Debug|Any CPU.Build.0 = Debug|iPhoneSimulator
		{5527012C-1491-40D0-A514-71D2B781755A}.Debug|Any CPU.Deploy.0 = Debug|iPhoneSimulator
		{5527012C-1491-40D0-A514-71D2B781755A}.Debug|iPhone.ActiveCfg = Debug|iPhone
		{5527012C-1491-40D0-A514-71D2B781755A}.Debug|iPhone.Build.0 = Debug|iPhone
		{5527012C-1491-40D0-A514-71D2B781755A}.Debug|iPhone.Deploy.0 = Debug|iPhone
		{5527012C-1491-40D0-A514-71D2B781755A}.Debug|iPhoneSimulator.ActiveCfg = Debug|iPhoneSimulator
		{5527012C-1491-40D0-A514-71D2B781755A}.Debug|iPhoneSimulator.Build.0 = Debug|iPhoneSimulator
		{5527012C-1491-40D0-A514-71D2B781755A}.Debug|iPhoneSimulator.Deploy.0 = Debug|iPhoneSimulator
		{5527012C-1491-40D0-A514-71D2B781755A}.Release|Any CPU.ActiveCfg = Release|iPhone
		{5527012C-1491-40D0-A514-71D2B781755A}.Release|Any CPU.Build.0 = Release|iPhone
		{5527012C-1491-40D0-A514-71D2B781755A}.Release|Any CPU.Deploy.0 = Release|iPhone
		{5527012C-1491-40D0-A514-71D2B781755A}.Release|iPhone.ActiveCfg = Release|iPhone
		{5527012C-1491-40D0-A514-71D2B781755A}.Release|iPhone.Build.0 = Release|iPhone
		{5527012C-1491-40D0-A514-71D2B781755A}.Release|iPhone.Deploy.0 = Release|iPhone
		{5527012C-1491-40D0-A514-71D2B781755A}.Release|iPhoneSimulator.ActiveCfg = Release|iPhoneSimulator
		{5527012C-1491-40D0-A514-71D2B781755A}.Release|iPhoneSimulator.Build.0 = Release|iPhoneSimulator
		{5527012C-1491-40D0-A514-71D2B781755A}.Release|iPhoneSimulator.Deploy.0 = Release|iPhoneSimulator
		{051BCBA1-06C4-4AFB-A216-4765B6E6A842}.Ad-Hoc|Any CPU.ActiveCfg = Debug|Any CPU
		{051BCBA1-06C4-4AFB-A216-4765B6E6A842}.Ad-Hoc|Any CPU.Build.0 = Debug|Any CPU
		{051BCBA1-06C4-4AFB-A216-4765B6E6A842}.Ad-Hoc|Any CPU.Deploy.0 = Debug|Any CPU
		{051BCBA1-06C4-4AFB-A216-4765B6E6A842}.Ad-Hoc|iPhone.ActiveCfg = Debug|Any CPU
		{051BCBA1-06C4-4AFB-A216-4765B6E6A842}.Ad-Hoc|iPhone.Build.0 = Debug|Any CPU
		{051BCBA1-06C4-4AFB-A216-4765B6E6A842}.Ad-Hoc|iPhone.Deploy.0 = Debug|Any CPU
		{051BCBA1-06C4-4AFB-A216-4765B6E6A842}.Ad-Hoc|iPhoneSimulator.ActiveCfg = Debug|Any CPU
		{051BCBA1-06C4-4AFB-A216-4765B6E6A842}.Ad-Hoc|iPhoneSimulator.Build.0 = Debug|Any CPU
		{051BCBA1-06C4-4AFB-A216-4765B6E6A842}.Ad-Hoc|iPhoneSimulator.Deploy.0 = Debug|Any CPU
		{051BCBA1-06C4-4AFB-A216-4765B6E6A842}.AppStore|Any CPU.ActiveCfg = Debug|Any CPU
		{051BCBA1-06C4-4AFB-A216-4765B6E6A842}.AppStore|Any CPU.Build.0 = Debug|Any CPU
		{051BCBA1-06C4-4AFB-A216-4765B6E6A842}.AppStore|Any CPU.Deploy.0 = Debug|Any CPU
		{051BCBA1-06C4-4AFB-A216-4765B6E6A842}.AppStore|iPhone.ActiveCfg = Debug|Any CPU
		{051BCBA1-06C4-4AFB-A216-4765B6E6A842}.AppStore|iPhone.Build.0 = Debug|Any CPU
		{051BCBA1-06C4-4AFB-A216-4765B6E6A842}.AppStore|iPhone.Deploy.0 = Debug|Any CPU
		{051BCBA1-06C4-4AFB-A216-4765B6E6A842}.AppStore|iPhoneSimulator.ActiveCfg = Debug|Any CPU
		{051BCBA1-06C4-4AFB-A216-4765B6E6A842}.AppStore|iPhoneSimulator.Build.0 = Debug|Any CPU
		{051BCBA1-06C4-4AFB-A216-4765B6E6A842}.AppStore|iPhoneSimulator.Deploy.0 = Debug|Any CPU
		{051BCBA1-06C4-4AFB-A216-4765B6E6A842}.Debug|Any CPU.ActiveCfg = Debug|Any CPU
		{051BCBA1-06C4-4AFB-A216-4765B6E6A842}.Debug|Any CPU.Build.0 = Debug|Any CPU
		{051BCBA1-06C4-4AFB-A216-4765B6E6A842}.Debug|Any CPU.Deploy.0 = Debug|Any CPU
		{051BCBA1-06C4-4AFB-A216-4765B6E6A842}.Debug|iPhone.ActiveCfg = Debug|Any CPU
		{051BCBA1-06C4-4AFB-A216-4765B6E6A842}.Debug|iPhone.Build.0 = Debug|Any CPU
		{051BCBA1-06C4-4AFB-A216-4765B6E6A842}.Debug|iPhone.Deploy.0 = Debug|Any CPU
		{051BCBA1-06C4-4AFB-A216-4765B6E6A842}.Debug|iPhoneSimulator.ActiveCfg = Debug|Any CPU
		{051BCBA1-06C4-4AFB-A216-4765B6E6A842}.Debug|iPhoneSimulator.Build.0 = Debug|Any CPU
		{051BCBA1-06C4-4AFB-A216-4765B6E6A842}.Debug|iPhoneSimulator.Deploy.0 = Debug|Any CPU
		{051BCBA1-06C4-4AFB-A216-4765B6E6A842}.Release|Any CPU.ActiveCfg = Release|Any CPU
		{051BCBA1-06C4-4AFB-A216-4765B6E6A842}.Release|Any CPU.Build.0 = Release|Any CPU
		{051BCBA1-06C4-4AFB-A216-4765B6E6A842}.Release|Any CPU.Deploy.0 = Release|Any CPU
		{051BCBA1-06C4-4AFB-A216-4765B6E6A842}.Release|iPhone.ActiveCfg = Release|Any CPU
		{051BCBA1-06C4-4AFB-A216-4765B6E6A842}.Release|iPhone.Build.0 = Release|Any CPU
		{051BCBA1-06C4-4AFB-A216-4765B6E6A842}.Release|iPhone.Deploy.0 = Release|Any CPU
		{051BCBA1-06C4-4AFB-A216-4765B6E6A842}.Release|iPhoneSimulator.ActiveCfg = Release|Any CPU
		{051BCBA1-06C4-4AFB-A216-4765B6E6A842}.Release|iPhoneSimulator.Build.0 = Release|Any CPU
		{051BCBA1-06C4-4AFB-A216-4765B6E6A842}.Release|iPhoneSimulator.Deploy.0 = Release|Any CPU
	EndGlobalSection
	GlobalSection(SolutionProperties) = preSolution
		HideSolutionNode = FALSE
	EndGlobalSection
	GlobalSection(ExtensibilityGlobals) = postSolution
		SolutionGuid = {5D850A63-C575-4D14-BE7B-B4ABACB21B52}
	EndGlobalSection
EndGlobal
